PODS:
  - CSL-CS710S (1.10.0):
    - MQTTClient
  - MQTTClient (0.15.3):
    - MQTTClient/Core (= 0.15.3)
  - MQTTClient/Core (0.15.3):
    - MQTTClient/Manager
    - MQTTClient/Min
  - MQTTClient/Manager (0.15.3):
    - MQTTClient/Min
  - MQTTClient/Min (0.15.3)

DEPENDENCIES:
  - CSL-CS710S

SPEC REPOS:
  trunk:
    - CSL-CS710S
    - MQTTClient

SPEC CHECKSUMS:
  CSL-CS710S: 13b09c4e20d9a16ea7d712a9db33a36f16c9e3ea
  MQTTClient: 0dfa04e789479c2e461786464969895c1fcb0875

PODFILE CHECKSUM: 45f18d42634b2c378e1432619a115588ddf43d8e

COCOAPODS: 1.16.2
