PODS:
  - CSL-CS710 (0.4.0):
    - MQTTClient
  - MQTTClient (0.15.2):
    - MQTTClient/Core (= 0.15.2)
  - MQTTClient/Core (0.15.2):
    - MQTTClient/Manager
    - MQTTClient/Min
  - MQTTClient/Manager (0.15.2):
    - MQTTClient/Min
  - MQTTClient/Min (0.15.2)

DEPENDENCIES:
  - CSL-CS710 (from `~/Documents/GitHub/CSL-CS710/`)
  - MQTTClient

SPEC REPOS:
  trunk:
    - MQTTClient

EXTERNAL SOURCES:
  CSL-CS710:
    :path: "~/Documents/GitHub/CSL-CS710/"

SPEC CHECKSUMS:
  CSL-CS710: f222f72cf29b01f6087158bcb78a2de140f28cb3
  MQTTClient: 902c7bcac1501595f3d0b15178c7205b40331fb0

PODFILE CHECKSUM: c7b74b2b04b20d54a8f0341b3bbf877c1880600f

COCOAPODS: 1.11.3
