PODS:
  - CSL-CS710S (1.8.0):
    - MQTTClient
  - MQTTClient (0.15.2):
    - MQTTClient/Core (= 0.15.2)
  - MQTTClient/Core (0.15.2):
    - MQTTClient/Manager
    - MQTTClient/Min
  - MQTTClient/Manager (0.15.2):
    - MQTTClient/Min
  - MQTTClient/Min (0.15.2)

DEPENDENCIES:
  - CSL-CS710S
  - MQTTClient

SPEC REPOS:
  trunk:
    - CSL-CS710S
    - MQTTClient

SPEC CHECKSUMS:
  CSL-CS710S: 708e3e38d234803134a293827d8370131ad188c3
  MQTTClient: 902c7bcac1501595f3d0b15178c7205b40331fb0

PODFILE CHECKSUM: e09e64e39bde5f0589e07a9cb7131321dbb7d80e

COCOAPODS: 1.16.2
